
Microsoft Visual Studio Solution File, Format Version 12.00
# Visual Studio 15
VisualStudioVersion = 15.0.27130.2010
MinimumVisualStudioVersion = 10.0.40219.1
Project("{FAE04EC0-301F-11D3-BF4B-00C04F79EFBC}") = "XLSTMyWorld", "XLSTMyWorld\XLSTMyWorld.csproj", "{7F92F095-748C-4E96-A528-984A6F917FA6}"
EndProject
Global
	GlobalSection(SolutionConfigurationPlatforms) = preSolution
		Debug|Any CPU = Debug|Any CPU
		Release|Any CPU = Release|Any CPU
	EndGlobalSection
	GlobalSection(ProjectConfigurationPlatforms) = postSolution
		{7F92F095-748C-4E96-A528-984A6F917FA6}.Debug|Any CPU.ActiveCfg = Debug|Any CPU
		{7F92F095-748C-4E96-A528-984A6F917FA6}.Debug|Any CPU.Build.0 = Debug|Any CPU
		{7F92F095-748C-4E96-A528-984A6F917FA6}.Release|Any CPU.ActiveCfg = Release|Any CPU
		{7F92F095-748C-4E96-A528-984A6F917FA6}.Release|Any CPU.Build.0 = Release|Any CPU
	EndGlobalSection
	GlobalSection(SolutionProperties) = preSolution
		HideSolutionNode = FALSE
	EndGlobalSection
	GlobalSection(ExtensibilityGlobals) = postSolution
		SolutionGuid = {BC1EC808-5FE6-4FBA-8545-8A428D0C88EE}
	EndGlobalSection
EndGlobal
